
Microsoft Visual Studio Solution File, Format Version 12.00
# Visual Studio Version 16
VisualStudioVersion = 16.0.32510.428
MinimumVisualStudioVersion = 10.0.40219.1
Project("{FAE04EC0-301F-11D3-BF4B-00C04F79EFBC}") = "ExcerciseJuanJose1", "ExcerciseJuanJose1\ExcerciseJuanJose1.csproj", "{A2EABD22-2602-4690-8BEA-465B20E880C2}"
EndProject
Global
	GlobalSection(SolutionConfigurationPlatforms) = preSolution
		Debug|Any CPU = Debug|Any CPU
		Release|Any CPU = Release|Any CPU
	EndGlobalSection
	GlobalSection(ProjectConfigurationPlatforms) = postSolution
		{A2EABD22-2602-4690-8BEA-465B20E880C2}.Debug|Any CPU.ActiveCfg = Debug|Any CPU
		{A2EABD22-2602-4690-8BEA-465B20E880C2}.Debug|Any CPU.Build.0 = Debug|Any CPU
		{A2EABD22-2602-4690-8BEA-465B20E880C2}.Release|Any CPU.ActiveCfg = Release|Any CPU
		{A2EABD22-2602-4690-8BEA-465B20E880C2}.Release|Any CPU.Build.0 = Release|Any CPU
	EndGlobalSection
	GlobalSection(SolutionProperties) = preSolution
		HideSolutionNode = FALSE
	EndGlobalSection
	GlobalSection(ExtensibilityGlobals) = postSolution
		SolutionGuid = {DF3D3A6D-BCCE-4E14-8E92-88C51BBA0595}
	EndGlobalSection
EndGlobal
